
Microsoft Visual Studio Solution File, Format Version 12.00
# Visual Studio Version 17
VisualStudioVersion = 17.4.33122.133
MinimumVisualStudioVersion = 10.0.40219.1
Project("{FAE04EC0-301F-11D3-BF4B-00C04F79EFBC}") = "lab-backend-chat", "lab-backend-chat\lab-backend-chat.csproj", "{4212FAC4-060D-43FC-B1BA-7756A3CC7041}"
EndProject
Global
	GlobalSection(SolutionConfigurationPlatforms) = preSolution
		Debug|Any CPU = Debug|Any CPU
		Release|Any CPU = Release|Any CPU
	EndGlobalSection
	GlobalSection(ProjectConfigurationPlatforms) = postSolution
		{4212FAC4-060D-43FC-B1BA-7756A3CC7041}.Debug|Any CPU.ActiveCfg = Debug|Any CPU
		{4212FAC4-060D-43FC-B1BA-7756A3CC7041}.Debug|Any CPU.Build.0 = Debug|Any CPU
		{4212FAC4-060D-43FC-B1BA-7756A3CC7041}.Release|Any CPU.ActiveCfg = Release|Any CPU
		{4212FAC4-060D-43FC-B1BA-7756A3CC7041}.Release|Any CPU.Build.0 = Release|Any CPU
	EndGlobalSection
	GlobalSection(SolutionProperties) = preSolution
		HideSolutionNode = FALSE
	EndGlobalSection
	GlobalSection(ExtensibilityGlobals) = postSolution
		SolutionGuid = {67CADDE2-5F8A-4B8E-A347-7E04069C62AC}
	EndGlobalSection
EndGlobal
